
Microsoft Visual Studio Solution File, Format Version 12.00
# Visual Studio Version 17
VisualStudioVersion = 17.0.31903.59
MinimumVisualStudioVersion = 10.0.40219.1
Project("{2150E333-8FDC-42A3-9474-1A3956D46DE8}") = "src", "src", "{827E0CD3-B72D-47B6-A68D-7590B98EB39B}"
EndProject
Project("{FAE04EC0-301F-11D3-BF4B-00C04F79EFBC}") = "InkWell.Shared", "src\InkWell.Shared\InkWell.Shared.csproj", "{56FAA4D1-D3FB-44AD-892F-9F922E1A0E19}"
EndProject
Project("{FAE04EC0-301F-11D3-BF4B-00C04F79EFBC}") = "InkWell.AuthService", "src\InkWell.AuthService\InkWell.AuthService.csproj", "{2A0BA10F-988C-43AA-991B-193557B8123F}"
EndProject
Project("{2150E333-8FDC-42A3-9474-1A3956D46DE8}") = "gateway", "gateway", "{E7BDDBC6-9FD1-D1D7-ACD8-2C4F8E3D2461}"
EndProject
Project("{FAE04EC0-301F-11D3-BF4B-00C04F79EFBC}") = "InkWell.API.Gateway", "gateway\InkWell.API.Gateway\InkWell.API.Gateway.csproj", "{D6D1917C-D637-43C1-820D-8A027E649A99}"
EndProject
Project("{FAE04EC0-301F-11D3-BF4B-00C04F79EFBC}") = "InkWell.PostService", "src\InkWell.PostService\InkWell.PostService.csproj", "{66D962A7-0B16-48FE-9552-9A3F5E2A5F57}"
EndProject
Project("{FAE04EC0-301F-11D3-BF4B-00C04F79EFBC}") = "InkWell.CommentService", "src\InkWell.CommentService\InkWell.CommentService.csproj", "{294D8D20-530F-4CE9-9FD2-2B781CF7D59A}"
EndProject
Project("{FAE04EC0-301F-11D3-BF4B-00C04F79EFBC}") = "InkWell.CategoryService", "src\InkWell.CategoryService\InkWell.CategoryService.csproj", "{FC74644C-0B00-454C-BC18-89EEC7E4B2CA}"
EndProject
Project("{FAE04EC0-301F-11D3-BF4B-00C04F79EFBC}") = "InkWell.MediaService", "src\InkWell.MediaService\InkWell.MediaService.csproj", "{36792A9B-5A60-423D-AD1A-74AF0D6D3FCE}"
EndProject
Project("{FAE04EC0-301F-11D3-BF4B-00C04F79EFBC}") = "InkWell.NewsletterService", "src\InkWell.NewsletterService\InkWell.NewsletterService.csproj", "{152F0C2B-103D-45A1-AE9A-BFF0A12A45FB}"
EndProject
Project("{FAE04EC0-301F-11D3-BF4B-00C04F79EFBC}") = "InkWell.NotificationService", "src\InkWell.NotificationService\InkWell.NotificationService.csproj", "{3D5C5E6A-1B7F-4B1C-8E2F-7D6A1B2C3D4E}"
EndProject
Global
	GlobalSection(SolutionConfigurationPlatforms) = preSolution
		Debug|Any CPU = Debug|Any CPU
		Debug|x64 = Debug|x64
		Debug|x86 = Debug|x86
		Release|Any CPU = Release|Any CPU
		Release|x64 = Release|x64
		Release|x86 = Release|x86
	EndGlobalSection
	GlobalSection(ProjectConfigurationPlatforms) = postSolution
		{56FAA4D1-D3FB-44AD-892F-9F922E1A0E19}.Debug|Any CPU.ActiveCfg = Debug|Any CPU
		{56FAA4D1-D3FB-44AD-892F-9F922E1A0E19}.Debug|Any CPU.Build.0 = Debug|Any CPU
		{56FAA4D1-D3FB-44AD-892F-9F922E1A0E19}.Debug|x64.ActiveCfg = Debug|Any CPU
		{56FAA4D1-D3FB-44AD-892F-9F922E1A0E19}.Debug|x64.Build.0 = Debug|Any CPU
		{56FAA4D1-D3FB-44AD-892F-9F922E1A0E19}.Debug|x86.ActiveCfg = Debug|Any CPU
		{56FAA4D1-D3FB-44AD-892F-9F922E1A0E19}.Debug|x86.Build.0 = Debug|Any CPU
		{56FAA4D1-D3FB-44AD-892F-9F922E1A0E19}.Release|Any CPU.ActiveCfg = Release|Any CPU
		{56FAA4D1-D3FB-44AD-892F-9F922E1A0E19}.Release|Any CPU.Build.0 = Release|Any CPU
		{56FAA4D1-D3FB-44AD-892F-9F922E1A0E19}.Release|x64.ActiveCfg = Release|Any CPU
		{56FAA4D1-D3FB-44AD-892F-9F922E1A0E19}.Release|x64.Build.0 = Release|Any CPU
		{56FAA4D1-D3FB-44AD-892F-9F922E1A0E19}.Release|x86.ActiveCfg = Release|Any CPU
		{56FAA4D1-D3FB-44AD-892F-9F922E1A0E19}.Release|x86.Build.0 = Release|Any CPU
		{2A0BA10F-988C-43AA-991B-193557B8123F}.Debug|Any CPU.ActiveCfg = Debug|Any CPU
		{2A0BA10F-988C-43AA-991B-193557B8123F}.Debug|Any CPU.Build.0 = Debug|Any CPU
		{2A0BA10F-988C-43AA-991B-193557B8123F}.Debug|x64.ActiveCfg = Debug|Any CPU
		{2A0BA10F-988C-43AA-991B-193557B8123F}.Debug|x64.Build.0 = Debug|Any CPU
		{2A0BA10F-988C-43AA-991B-193557B8123F}.Debug|x86.ActiveCfg = Debug|Any CPU
		{2A0BA10F-988C-43AA-991B-193557B8123F}.Debug|x86.Build.0 = Debug|Any CPU
		{2A0BA10F-988C-43AA-991B-193557B8123F}.Release|Any CPU.ActiveCfg = Release|Any CPU
		{2A0BA10F-988C-43AA-991B-193557B8123F}.Release|Any CPU.Build.0 = Release|Any CPU
		{2A0BA10F-988C-43AA-991B-193557B8123F}.Release|x64.ActiveCfg = Release|Any CPU
		{2A0BA10F-988C-43AA-991B-193557B8123F}.Release|x64.Build.0 = Release|Any CPU
		{2A0BA10F-988C-43AA-991B-193557B8123F}.Release|x86.ActiveCfg = Release|Any CPU
		{2A0BA10F-988C-43AA-991B-193557B8123F}.Release|x86.Build.0 = Release|Any CPU
		{D6D1917C-D637-43C1-820D-8A027E649A99}.Debug|Any CPU.ActiveCfg = Debug|Any CPU
		{D6D1917C-D637-43C1-820D-8A027E649A99}.Debug|Any CPU.Build.0 = Debug|Any CPU
		{D6D1917C-D637-43C1-820D-8A027E649A99}.Debug|x64.ActiveCfg = Debug|Any CPU
		{D6D1917C-D637-43C1-820D-8A027E649A99}.Debug|x64.Build.0 = Debug|Any CPU
		{D6D1917C-D637-43C1-820D-8A027E649A99}.Debug|x86.ActiveCfg = Debug|Any CPU
		{D6D1917C-D637-43C1-820D-8A027E649A99}.Debug|x86.Build.0 = Debug|Any CPU
		{D6D1917C-D637-43C1-820D-8A027E649A99}.Release|Any CPU.ActiveCfg = Release|Any CPU
		{D6D1917C-D637-43C1-820D-8A027E649A99}.Release|Any CPU.Build.0 = Release|Any CPU
		{D6D1917C-D637-43C1-820D-8A027E649A99}.Release|x64.ActiveCfg = Release|Any CPU
		{D6D1917C-D637-43C1-820D-8A027E649A99}.Release|x64.Build.0 = Release|Any CPU
		{D6D1917C-D637-43C1-820D-8A027E649A99}.Release|x86.ActiveCfg = Release|Any CPU
		{D6D1917C-D637-43C1-820D-8A027E649A99}.Release|x86.Build.0 = Release|Any CPU
		{66D962A7-0B16-48FE-9552-9A3F5E2A5F57}.Debug|Any CPU.ActiveCfg = Debug|Any CPU
		{66D962A7-0B16-48FE-9552-9A3F5E2A5F57}.Debug|Any CPU.Build.0 = Debug|Any CPU
		{66D962A7-0B16-48FE-9552-9A3F5E2A5F57}.Debug|x64.ActiveCfg = Debug|Any CPU
		{66D962A7-0B16-48FE-9552-9A3F5E2A5F57}.Debug|x64.Build.0 = Debug|Any CPU
		{66D962A7-0B16-48FE-9552-9A3F5E2A5F57}.Debug|x86.ActiveCfg = Debug|Any CPU
		{66D962A7-0B16-48FE-9552-9A3F5E2A5F57}.Debug|x86.Build.0 = Debug|Any CPU
		{66D962A7-0B16-48FE-9552-9A3F5E2A5F57}.Release|Any CPU.ActiveCfg = Release|Any CPU
		{66D962A7-0B16-48FE-9552-9A3F5E2A5F57}.Release|Any CPU.Build.0 = Release|Any CPU
		{66D962A7-0B16-48FE-9552-9A3F5E2A5F57}.Release|x64.ActiveCfg = Release|Any CPU
		{66D962A7-0B16-48FE-9552-9A3F5E2A5F57}.Release|x64.Build.0 = Release|Any CPU
		{66D962A7-0B16-48FE-9552-9A3F5E2A5F57}.Release|x86.ActiveCfg = Release|Any CPU
		{66D962A7-0B16-48FE-9552-9A3F5E2A5F57}.Release|x86.Build.0 = Release|Any CPU
		{294D8D20-530F-4CE9-9FD2-2B781CF7D59A}.Debug|Any CPU.ActiveCfg = Debug|Any CPU
		{294D8D20-530F-4CE9-9FD2-2B781CF7D59A}.Debug|Any CPU.Build.0 = Debug|Any CPU
		{294D8D20-530F-4CE9-9FD2-2B781CF7D59A}.Debug|x64.ActiveCfg = Debug|Any CPU
		{294D8D20-530F-4CE9-9FD2-2B781CF7D59A}.Debug|x64.Build.0 = Debug|Any CPU
		{294D8D20-530F-4CE9-9FD2-2B781CF7D59A}.Debug|x86.ActiveCfg = Debug|Any CPU
		{294D8D20-530F-4CE9-9FD2-2B781CF7D59A}.Debug|x86.Build.0 = Debug|Any CPU
		{294D8D20-530F-4CE9-9FD2-2B781CF7D59A}.Release|Any CPU.ActiveCfg = Release|Any CPU
		{294D8D20-530F-4CE9-9FD2-2B781CF7D59A}.Release|Any CPU.Build.0 = Release|Any CPU
		{294D8D20-530F-4CE9-9FD2-2B781CF7D59A}.Release|x64.ActiveCfg = Release|Any CPU
		{294D8D20-530F-4CE9-9FD2-2B781CF7D59A}.Release|x64.Build.0 = Release|Any CPU
		{294D8D20-530F-4CE9-9FD2-2B781CF7D59A}.Release|x86.ActiveCfg = Release|Any CPU
		{294D8D20-530F-4CE9-9FD2-2B781CF7D59A}.Release|x86.Build.0 = Release|Any CPU
		{FC74644C-0B00-454C-BC18-89EEC7E4B2CA}.Debug|Any CPU.ActiveCfg = Debug|Any CPU
		{FC74644C-0B00-454C-BC18-89EEC7E4B2CA}.Debug|Any CPU.Build.0 = Debug|Any CPU
		{FC74644C-0B00-454C-BC18-89EEC7E4B2CA}.Debug|x64.ActiveCfg = Debug|Any CPU
		{FC74644C-0B00-454C-BC18-89EEC7E4B2CA}.Debug|x64.Build.0 = Debug|Any CPU
		{FC74644C-0B00-454C-BC18-89EEC7E4B2CA}.Debug|x86.ActiveCfg = Debug|Any CPU
		{FC74644C-0B00-454C-BC18-89EEC7E4B2CA}.Debug|x86.Build.0 = Debug|Any CPU
		{FC74644C-0B00-454C-BC18-89EEC7E4B2CA}.Release|Any CPU.ActiveCfg = Release|Any CPU
		{FC74644C-0B00-454C-BC18-89EEC7E4B2CA}.Release|Any CPU.Build.0 = Release|Any CPU
		{FC74644C-0B00-454C-BC18-89EEC7E4B2CA}.Release|x64.ActiveCfg = Release|Any CPU
		{FC74644C-0B00-454C-BC18-89EEC7E4B2CA}.Release|x64.Build.0 = Release|Any CPU
		{FC74644C-0B00-454C-BC18-89EEC7E4B2CA}.Release|x86.ActiveCfg = Release|Any CPU
		{FC74644C-0B00-454C-BC18-89EEC7E4B2CA}.Release|x86.Build.0 = Release|Any CPU
		{36792A9B-5A60-423D-AD1A-74AF0D6D3FCE}.Debug|Any CPU.ActiveCfg = Debug|Any CPU
		{36792A9B-5A60-423D-AD1A-74AF0D6D3FCE}.Debug|Any CPU.Build.0 = Debug|Any CPU
		{36792A9B-5A60-423D-AD1A-74AF0D6D3FCE}.Debug|x64.ActiveCfg = Debug|Any CPU
		{36792A9B-5A60-423D-AD1A-74AF0D6D3FCE}.Debug|x64.Build.0 = Debug|Any CPU
		{36792A9B-5A60-423D-AD1A-74AF0D6D3FCE}.Debug|x86.ActiveCfg = Debug|Any CPU
		{36792A9B-5A60-423D-AD1A-74AF0D6D3FCE}.Debug|x86.Build.0 = Debug|Any CPU
		{36792A9B-5A60-423D-AD1A-74AF0D6D3FCE}.Release|Any CPU.ActiveCfg = Release|Any CPU
		{36792A9B-5A60-423D-AD1A-74AF0D6D3FCE}.Release|Any CPU.Build.0 = Release|Any CPU
		{36792A9B-5A60-423D-AD1A-74AF0D6D3FCE}.Release|x64.ActiveCfg = Release|Any CPU
		{36792A9B-5A60-423D-AD1A-74AF0D6D3FCE}.Release|x64.Build.0 = Release|Any CPU
		{36792A9B-5A60-423D-AD1A-74AF0D6D3FCE}.Release|x86.ActiveCfg = Release|Any CPU
		{36792A9B-5A60-423D-AD1A-74AF0D6D3FCE}.Release|x86.Build.0 = Release|Any CPU
		{152F0C2B-103D-45A1-AE9A-BFF0A12A45FB}.Debug|Any CPU.ActiveCfg = Debug|Any CPU
		{152F0C2B-103D-45A1-AE9A-BFF0A12A45FB}.Debug|Any CPU.Build.0 = Debug|Any CPU
		{152F0C2B-103D-45A1-AE9A-BFF0A12A45FB}.Debug|x64.ActiveCfg = Debug|Any CPU
		{152F0C2B-103D-45A1-AE9A-BFF0A12A45FB}.Debug|x64.Build.0 = Debug|Any CPU
		{152F0C2B-103D-45A1-AE9A-BFF0A12A45FB}.Debug|x86.ActiveCfg = Debug|Any CPU
		{152F0C2B-103D-45A1-AE9A-BFF0A12A45FB}.Debug|x86.Build.0 = Debug|Any CPU
		{152F0C2B-103D-45A1-AE9A-BFF0A12A45FB}.Release|Any CPU.ActiveCfg = Release|Any CPU
		{152F0C2B-103D-45A1-AE9A-BFF0A12A45FB}.Release|Any CPU.Build.0 = Release|Any CPU
		{152F0C2B-103D-45A1-AE9A-BFF0A12A45FB}.Release|x64.ActiveCfg = Release|Any CPU
		{152F0C2B-103D-45A1-AE9A-BFF0A12A45FB}.Release|x64.Build.0 = Release|Any CPU
		{152F0C2B-103D-45A1-AE9A-BFF0A12A45FB}.Release|x86.ActiveCfg = Release|Any CPU
		{152F0C2B-103D-45A1-AE9A-BFF0A12A45FB}.Release|x86.Build.0 = Release|Any CPU
		{3D5C5E6A-1B7F-4B1C-8E2F-7D6A1B2C3D4E}.Debug|Any CPU.ActiveCfg = Debug|Any CPU
		{3D5C5E6A-1B7F-4B1C-8E2F-7D6A1B2C3D4E}.Debug|Any CPU.Build.0 = Debug|Any CPU
		{3D5C5E6A-1B7F-4B1C-8E2F-7D6A1B2C3D4E}.Release|Any CPU.ActiveCfg = Release|Any CPU
		{3D5C5E6A-1B7F-4B1C-8E2F-7D6A1B2C3D4E}.Release|Any CPU.Build.0 = Release|Any CPU
	EndGlobalSection
	GlobalSection(SolutionProperties) = preSolution
		HideSolutionNode = FALSE
	EndGlobalSection
	GlobalSection(NestedProjects) = preSolution
		{56FAA4D1-D3FB-44AD-892F-9F922E1A0E19} = {827E0CD3-B72D-47B6-A68D-7590B98EB39B}
		{2A0BA10F-988C-43AA-991B-193557B8123F} = {827E0CD3-B72D-47B6-A68D-7590B98EB39B}
		{D6D1917C-D637-43C1-820D-8A027E649A99} = {E7BDDBC6-9FD1-D1D7-ACD8-2C4F8E3D2461}
		{66D962A7-0B16-48FE-9552-9A3F5E2A5F57} = {827E0CD3-B72D-47B6-A68D-7590B98EB39B}
		{294D8D20-530F-4CE9-9FD2-2B781CF7D59A} = {827E0CD3-B72D-47B6-A68D-7590B98EB39B}
		{FC74644C-0B00-454C-BC18-89EEC7E4B2CA} = {827E0CD3-B72D-47B6-A68D-7590B98EB39B}
		{36792A9B-5A60-423D-AD1A-74AF0D6D3FCE} = {827E0CD3-B72D-47B6-A68D-7590B98EB39B}
		{152F0C2B-103D-45A1-AE9A-BFF0A12A45FB} = {827E0CD3-B72D-47B6-A68D-7590B98EB39B}
		{3D5C5E6A-1B7F-4B1C-8E2F-7D6A1B2C3D4E} = {827E0CD3-B72D-47B6-A68D-7590B98EB39B}
	EndGlobalSection
EndGlobal
